# This file is automatically @generated by Cargo.
# It is not intended for manual editing.
version = 3

[[package]]
name = "cc"
version = "1.0.90"
source = "registry+https://github.com/rust-lang/crates.io-index"
checksum = "8cd6604a82acf3039f1144f54b8eb34e91ffba622051189e71b781822d5ee1f5"

[[package]]
name = "cty"
version = "0.2.2"
source = "registry+https://github.com/rust-lang/crates.io-index"
checksum = "b365fabc795046672053e29c954733ec3b05e4be654ab130fe8f1f94d7051f35"

[[package]]
name = "libc"
version = "0.2.153"
source = "registry+https://github.com/rust-lang/crates.io-index"
checksum = "9c198f91728a82281a64e1f4f9eeb25d82cb32a5de251c6bd1b5154d63a8e7bd"

[[package]]
name = "ocaml"
version = "1.0.0-beta.5"
source = "git+https://github.com/zshipko/ocaml-rs#3b637f09b694f176c2a5c0d0d988baa04f161b8b"
dependencies = [
 "ocaml-boxroot-sys",
 "ocaml-derive",
 "ocaml-sys",
]

[[package]]
name = "ocaml-boxroot-sys"
version = "0.3.1"
source = "registry+https://github.com/rust-lang/crates.io-index"
checksum = "541b4c121093aa5bfb1b0e0d6f8ca00c807b156445bc4f4e19683421f6d26208"
dependencies = [
 "cc",
]

[[package]]
name = "ocaml-build"
version = "1.0.0-beta.5"
source = "git+https://github.com/zshipko/ocaml-rs#3b637f09b694f176c2a5c0d0d988baa04f161b8b"
dependencies = [
 "cc",
 "proc-macro2",
 "syn",
]

[[package]]
name = "ocaml-derive"
version = "1.0.0-beta.5"
source = "git+https://github.com/zshipko/ocaml-rs#3b637f09b694f176c2a5c0d0d988baa04f161b8b"
dependencies = [
 "proc-macro2",
 "quote",
 "syn",
]

[[package]]
name = "ocaml-sys"
version = "0.24.0"
source = "git+https://github.com/zshipko/ocaml-rs#3b637f09b694f176c2a5c0d0d988baa04f161b8b"
dependencies = [
 "cc",
 "cty",
]

[[package]]
name = "proc-macro2"
version = "1.0.79"
source = "registry+https://github.com/rust-lang/crates.io-index"
checksum = "e835ff2298f5721608eb1a980ecaee1aef2c132bf95ecc026a11b7bf3c01c02e"
dependencies = [
 "unicode-ident",
]

[[package]]
name = "quote"
version = "1.0.35"
source = "registry+https://github.com/rust-lang/crates.io-index"
checksum = "291ec9ab5efd934aaf503a6466c5d5251535d108ee747472c3977cc5acc868ef"
dependencies = [
 "proc-macro2",
]

[[package]]
name = "rsemgrep"
version = "0.1.0"
dependencies = [
 "libc",
 "ocaml",
 "ocaml-build",
]

[[package]]
name = "syn"
version = "2.0.58"
source = "registry+https://github.com/rust-lang/crates.io-index"
checksum = "44cfb93f38070beee36b3fef7d4f5a16f27751d94b187b666a5cc5e9b0d30687"
dependencies = [
 "proc-macro2",
 "quote",
 "unicode-ident",
]

[[package]]
name = "unicode-ident"
version = "1.0.12"
source = "registry+https://github.com/rust-lang/crates.io-index"
checksum = "3354b9ac3fae1ff6755cb6db53683adb661634f67557942dea4facebec0fee4b"
